
Microsoft Visual Studio Solution File, Format Version 12.00
# Visual Studio 15
VisualStudioVersion = 15.0.27703.2042
MinimumVisualStudioVersion = 10.0.40219.1
Project("{FAE04EC0-301F-11D3-BF4B-00C04F79EFBC}") = "SportsStore", "WebApplication2\SportsStore.csproj", "{A09D580C-969E-4F07-9AD4-A5829316C6B7}"
EndProject
Project("{FAE04EC0-301F-11D3-BF4B-00C04F79EFBC}") = "SportsStore.Tests", "SportsStore.Tests\SportsStore.Tests.csproj", "{FB041765-ED59-4AFF-93BB-04EAC9728D01}"
EndProject
Global
	GlobalSection(SolutionConfigurationPlatforms) = preSolution
		Debug|Any CPU = Debug|Any CPU
		Release|Any CPU = Release|Any CPU
	EndGlobalSection
	GlobalSection(ProjectConfigurationPlatforms) = postSolution
		{A09D580C-969E-4F07-9AD4-A5829316C6B7}.Debug|Any CPU.ActiveCfg = Debug|Any CPU
		{A09D580C-969E-4F07-9AD4-A5829316C6B7}.Debug|Any CPU.Build.0 = Debug|Any CPU
		{A09D580C-969E-4F07-9AD4-A5829316C6B7}.Release|Any CPU.ActiveCfg = Release|Any CPU
		{A09D580C-969E-4F07-9AD4-A5829316C6B7}.Release|Any CPU.Build.0 = Release|Any CPU
		{FB041765-ED59-4AFF-93BB-04EAC9728D01}.Debug|Any CPU.ActiveCfg = Debug|Any CPU
		{FB041765-ED59-4AFF-93BB-04EAC9728D01}.Debug|Any CPU.Build.0 = Debug|Any CPU
		{FB041765-ED59-4AFF-93BB-04EAC9728D01}.Release|Any CPU.ActiveCfg = Release|Any CPU
		{FB041765-ED59-4AFF-93BB-04EAC9728D01}.Release|Any CPU.Build.0 = Release|Any CPU
	EndGlobalSection
	GlobalSection(SolutionProperties) = preSolution
		HideSolutionNode = FALSE
	EndGlobalSection
	GlobalSection(ExtensibilityGlobals) = postSolution
		SolutionGuid = {0057B387-EE7E-4955-891D-4B909DD1A9C2}
	EndGlobalSection
EndGlobal
